// !$*UTF8*$!
{
	archiveVersion = 1;
	classes = {
	};
	objectVersion = 46;
	objects = {

/* Begin PBXBuildFile section */
		B52F4FE11BA5ECEC0038AD2B /* AppDelegate.swift in Sources */ = {isa = PBXBuildFile; fileRef = B52F4FE01BA5ECEC0038AD2B /* AppDelegate.swift */; };
		B52F4FE31BA5ECEC0038AD2B /* ViewController.swift in Sources */ = {isa = PBXBuildFile; fileRef = B52F4FE21BA5ECEC0038AD2B /* ViewController.swift */; };
		B52F4FE61BA5ECEC0038AD2B /* Main.storyboard in Resources */ = {isa = PBXBuildFile; fileRef = B52F4FE41BA5ECEC0038AD2B /* Main.storyboard */; };
		B52F4FE81BA5ECEC0038AD2B /* Images.xcassets in Resources */ = {isa = PBXBuildFile; fileRef = B52F4FE71BA5ECEC0038AD2B /* Images.xcassets */; };
		B52F4FEB1BA5ECEC0038AD2B /* LaunchScreen.xib in Resources */ = {isa = PBXBuildFile; fileRef = B52F4FE91BA5ECEC0038AD2B /* LaunchScreen.xib */; };
		B52F4FF71BA5ECEC0038AD2B /* Les_amis_de_la_scienceTests.swift in Sources */ = {isa = PBXBuildFile; fileRef = B52F4FF61BA5ECEC0038AD2B /* Les_amis_de_la_scienceTests.swift */; };
/* End PBXBuildFile section */

/* Begin PBXContainerItemProxy section */
		B52F4FF11BA5ECEC0038AD2B /* PBXContainerItemProxy */ = {
			isa = PBXContainerItemProxy;
			containerPortal = B52F4FD31BA5ECEC0038AD2B /* Project object */;
			proxyType = 1;
			remoteGlobalIDString = B52F4FDA1BA5ECEC0038AD2B;
			remoteInfo = "Les amis de la science";
		};
/* End PBXContainerItemProxy section */

/* Begin PBXFileReference section */
		B52F4FDB1BA5ECEC0038AD2B /* Les amis de la science.app */ = {isa = PBXFileReference; explicitFileType = wrapper.application; includeInIndex = 0; path = "Les amis de la science.app"; sourceTree = BUILT_PRODUCTS_DIR; };
		B52F4FDF1BA5ECEC0038AD2B /* Info.plist */ = {isa = PBXFileReference; lastKnownFileType = text.plist.xml; path = Info.plist; sourceTree = "<group>"; };
		B52F4FE01BA5ECEC0038AD2B /* AppDelegate.swift */ = {isa = PBXFileReference; lastKnownFileType = sourcecode.swift; path = AppDelegate.swift; sourceTree = "<group>"; };
		B52F4FE21BA5ECEC0038AD2B /* ViewController.swift */ = {isa = PBXFileReference; lastKnownFileType = sourcecode.swift; path = ViewController.swift; sourceTree = "<group>"; };
		B52F4FE51BA5ECEC0038AD2B /* Base */ = {isa = PBXFileReference; lastKnownFileType = file.storyboard; name = Base; path = Base.lproj/Main.storyboard; sourceTree = "<group>"; };
		B52F4FE71BA5ECEC0038AD2B /* Images.xcassets */ = {isa = PBXFileReference; lastKnownFileType = folder.assetcatalog; path = Images.xcassets; sourceTree = "<group>"; };
		B52F4FEA1BA5ECEC0038AD2B /* Base */ = {isa = PBXFileReference; lastKnownFileType = file.xib; name = Base; path = Base.lproj/LaunchScreen.xib; sourceTree = "<group>"; };
		B52F4FF01BA5ECEC0038AD2B /* Les amis de la scienceTests.xctest */ = {isa = PBXFileReference; explicitFileType = wrapper.cfbundle; includeInIndex = 0; path = "Les amis de la scienceTests.xctest"; sourceTree = BUILT_PRODUCTS_DIR; };
		B52F4FF51BA5ECEC0038AD2B /* Info.plist */ = {isa = PBXFileReference; lastKnownFileType = text.plist.xml; path = Info.plist; sourceTree = "<group>"; };
		B52F4FF61BA5ECEC0038AD2B /* Les_amis_de_la_scienceTests.swift */ = {isa = PBXFileReference; lastKnownFileType = sourcecode.swift; path = Les_amis_de_la_scienceTests.swift; sourceTree = "<group>"; };
/* End PBXFileReference section */

/* Begin PBXFrameworksBuildPhase section */
		B52F4FD81BA5ECEC0038AD2B /* Frameworks */ = {
			isa = PBXFrameworksBuildPhase;
			buildActionMask = 2147483647;
			files = (
			);
			runOnlyForDeploymentPostprocessing = 0;
		};
		B52F4FED1BA5ECEC0038AD2B /* Frameworks */ = {
			isa = PBXFrameworksBuildPhase;
			buildActionMask = 2147483647;
			files = (
			);
			runOnlyForDeploymentPostprocessing = 0;
		};
/* End PBXFrameworksBuildPhase section */

/* Begin PBXGroup section */
		B52F4FD21BA5ECEC0038AD2B = {
			isa = PBXGroup;
			children = (
				B52F4FDD1BA5ECEC0038AD2B /* Les amis de la science */,
				B52F4FF31BA5ECEC0038AD2B /* Les amis de la scienceTests */,
				B52F4FDC1BA5ECEC0038AD2B /* Products */,
			);
			sourceTree = "<group>";
		};
		B52F4FDC1BA5ECEC0038AD2B /* Products */ = {
			isa = PBXGroup;
			children = (
				B52F4FDB1BA5ECEC0038AD2B /* Les amis de la science.app */,
				B52F4FF01BA5ECEC0038AD2B /* Les amis de la scienceTests.xctest */,
			);
			name = Products;
			sourceTree = "<group>";
		};
		B52F4FDD1BA5ECEC0038AD2B /* Les amis de la science */ = {
			isa = PBXGroup;
			children = (
				B52F4FE01BA5ECEC0038AD2B /* AppDelegate.swift */,
				B52F4FE21BA5ECEC0038AD2B /* ViewController.swift */,
				B52F4FE41BA5ECEC0038AD2B /* Main.storyboard */,
				B52F4FE71BA5ECEC0038AD2B /* Images.xcassets */,
				B52F4FE91BA5ECEC0038AD2B /* LaunchScreen.xib */,
				B52F4FDE1BA5ECEC0038AD2B /* Supporting Files */,
			);
			path = "Les amis de la science";
			sourceTree = "<group>";
		};
		B52F4FDE1BA5ECEC0038AD2B /* Supporting Files */ = {
			isa = PBXGroup;
			children = (
				B52F4FDF1BA5ECEC0038AD2B /* Info.plist */,
			);
			name = "Supporting Files";
			sourceTree = "<group>";
		};
		B52F4FF31BA5ECEC0038AD2B /* Les amis de la scienceTests */ = {
			isa = PBXGroup;
			children = (
				B52F4FF61BA5ECEC0038AD2B /* Les_amis_de_la_scienceTests.swift */,
				B52F4FF41BA5ECEC0038AD2B /* Supporting Files */,
			);
			path = "Les amis de la scienceTests";
			sourceTree = "<group>";
		};
		B52F4FF41BA5ECEC0038AD2B /* Supporting Files */ = {
			isa = PBXGroup;
			children = (
				B52F4FF51BA5ECEC0038AD2B /* Info.plist */,
			);
			name = "Supporting Files";
			sourceTree = "<group>";
		};
/* End PBXGroup section */

/* Begin PBXNativeTarget section */
		B52F4FDA1BA5ECEC0038AD2B /* Les amis de la science */ = {
			isa = PBXNativeTarget;
			buildConfigurationList = B52F4FFA1BA5ECEC0038AD2B /* Build configuration list for PBXNativeTarget "Les amis de la science" */;
			buildPhases = (
				B52F4FD71BA5ECEC0038AD2B /* Sources */,
				B52F4FD81BA5ECEC0038AD2B /* Frameworks */,
				B52F4FD91BA5ECEC0038AD2B /* Resources */,
			);
			buildRules = (
			);
			dependencies = (
			);
			name = "Les amis de la science";
			productName = "Les amis de la science";
			productReference = B52F4FDB1BA5ECEC0038AD2B /* Les amis de la science.app */;
			productType = "com.apple.product-type.application";
		};
		B52F4FEF1BA5ECEC0038AD2B /* Les amis de la scienceTests */ = {
			isa = PBXNativeTarget;
			buildConfigurationList = B52F4FFD1BA5ECEC0038AD2B /* Build configuration list for PBXNativeTarget "Les amis de la scienceTests" */;
			buildPhases = (
				B52F4FEC1BA5ECEC0038AD2B /* Sources */,
				B52F4FED1BA5ECEC0038AD2B /* Frameworks */,
				B52F4FEE1BA5ECEC0038AD2B /* Resources */,
			);
			buildRules = (
			);
			dependencies = (
				B52F4FF21BA5ECEC0038AD2B /* PBXTargetDependency */,
			);
			name = "Les amis de la scienceTests";
			productName = "Les amis de la scienceTests";
			productReference = B52F4FF01BA5ECEC0038AD2B /* Les amis de la scienceTests.xctest */;
			productType = "com.apple.product-type.bundle.unit-test";
		};
/* End PBXNativeTarget section */

/* Begin PBXProject section */
		B52F4FD31BA5ECEC0038AD2B /* Project object */ = {
			isa = PBXProject;
			attributes = {
				LastUpgradeCheck = 0640;
				ORGANIZATIONNAME = "Production sur support";
				TargetAttributes = {
					B52F4FDA1BA5ECEC0038AD2B = {
						CreatedOnToolsVersion = 6.4;
					};
					B52F4FEF1BA5ECEC0038AD2B = {
						CreatedOnToolsVersion = 6.4;
						TestTargetID = B52F4FDA1BA5ECEC0038AD2B;
					};
				};
			};
			buildConfigurationList = B52F4FD61BA5ECEC0038AD2B /* Build configuration list for PBXProject "Les amis de la science" */;
			compatibilityVersion = "Xcode 3.2";
			developmentRegion = English;
			hasScannedForEncodings = 0;
			knownRegions = (
				en,
				Base,
			);
			mainGroup = B52F4FD21BA5ECEC0038AD2B;
			productRefGroup = B52F4FDC1BA5ECEC0038AD2B /* Products */;
			projectDirPath = "";
			projectRoot = "";
			targets = (
				B52F4FDA1BA5ECEC0038AD2B /* Les amis de la science */,
				B52F4FEF1BA5ECEC0038AD2B /* Les amis de la scienceTests */,
			);
		};
/* End PBXProject section */

/* Begin PBXResourcesBuildPhase section */
		B52F4FD91BA5ECEC0038AD2B /* Resources */ = {
			isa = PBXResourcesBuildPhase;
			buildActionMask = 2147483647;
			files = (
				B52F4FE61BA5ECEC0038AD2B /* Main.storyboard in Resources */,
				B52F4FEB1BA5ECEC0038AD2B /* LaunchScreen.xib in Resources */,
				B52F4FE81BA5ECEC0038AD2B /* Images.xcassets in Resources */,
			);
			runOnlyForDeploymentPostprocessing = 0;
		};
		B52F4FEE1BA5ECEC0038AD2B /* Resources */ = {
			isa = PBXResourcesBuildPhase;
			buildActionMask = 2147483647;
			files = (
			);
			runOnlyForDeploymentPostprocessing = 0;
		};
/* End PBXResourcesBuildPhase section */

/* Begin PBXSourcesBuildPhase section */
		B52F4FD71BA5ECEC0038AD2B /* Sources */ = {
			isa = PBXSourcesBuildPhase;
			buildActionMask = 2147483647;
			files = (
				B52F4FE31BA5ECEC0038AD2B /* ViewController.swift in Sources */,
				B52F4FE11BA5ECEC0038AD2B /* AppDelegate.swift in Sources */,
			);
			runOnlyForDeploymentPostprocessing = 0;
		};
		B52F4FEC1BA5ECEC0038AD2B /* Sources */ = {
			isa = PBXSourcesBuildPhase;
			buildActionMask = 2147483647;
			files = (
				B52F4FF71BA5ECEC0038AD2B /* Les_amis_de_la_scienceTests.swift in Sources */,
			);
			runOnlyForDeploymentPostprocessing = 0;
		};
/* End PBXSourcesBuildPhase section */

/* Begin PBXTargetDependency section */
		B52F4FF21BA5ECEC0038AD2B /* PBXTargetDependency */ = {
			isa = PBXTargetDependency;
			target = B52F4FDA1BA5ECEC0038AD2B /* Les amis de la science */;
			targetProxy = B52F4FF11BA5ECEC0038AD2B /* PBXContainerItemProxy */;
		};
/* End PBXTargetDependency section */

/* Begin PBXVariantGroup section */
		B52F4FE41BA5ECEC0038AD2B /* Main.storyboard */ = {
			isa = PBXVariantGroup;
			children = (
				B52F4FE51BA5ECEC0038AD2B /* Base */,
			);
			name = Main.storyboard;
			sourceTree = "<group>";
		};
		B52F4FE91BA5ECEC0038AD2B /* LaunchScreen.xib */ = {
			isa = PBXVariantGroup;
			children = (
				B52F4FEA1BA5ECEC0038AD2B /* Base */,
			);
			name = LaunchScreen.xib;
			sourceTree = "<group>";
		};
/* End PBXVariantGroup section */

/* Begin XCBuildConfiguration section */
		B52F4FF81BA5ECEC0038AD2B /* Debug */ = {
			isa = XCBuildConfiguration;
			buildSettings = {
				ALWAYS_SEARCH_USER_PATHS = NO;
				CLANG_CXX_LANGUAGE_STANDARD = "gnu++0x";
				CLANG_CXX_LIBRARY = "libc++";
				CLANG_ENABLE_MODULES = YES;
				CLANG_ENABLE_OBJC_ARC = YES;
				CLANG_WARN_BOOL_CONVERSION = YES;
				CLANG_WARN_CONSTANT_CONVERSION = YES;
				CLANG_WARN_DIRECT_OBJC_ISA_USAGE = YES_ERROR;
				CLANG_WARN_EMPTY_BODY = YES;
				CLANG_WARN_ENUM_CONVERSION = YES;
				CLANG_WARN_INT_CONVERSION = YES;
				CLANG_WARN_OBJC_ROOT_CLASS = YES_ERROR;
				CLANG_WARN_UNREACHABLE_CODE = YES;
				CLANG_WARN__DUPLICATE_METHOD_MATCH = YES;
				"CODE_SIGN_IDENTITY[sdk=iphoneos*]" = "iPhone Developer";
				COPY_PHASE_STRIP = NO;
				DEBUG_INFORMATION_FORMAT = "dwarf-with-dsym";
				ENABLE_STRICT_OBJC_MSGSEND = YES;
				GCC_C_LANGUAGE_STANDARD = gnu99;
				GCC_DYNAMIC_NO_PIC = NO;
				GCC_NO_COMMON_BLOCKS = YES;
				GCC_OPTIMIZATION_LEVEL = 0;
				GCC_PREPROCESSOR_DEFINITIONS = (
					"DEBUG=1",
					"$(inherited)",
				);
				GCC_SYMBOLS_PRIVATE_EXTERN = NO;
				GCC_WARN_64_TO_32_BIT_CONVERSION = YES;
				GCC_WARN_ABOUT_RETURN_TYPE = YES_ERROR;
				GCC_WARN_UNDECLARED_SELECTOR = YES;
				GCC_WARN_UNINITIALIZED_AUTOS = YES_AGGRESSIVE;
				GCC_WARN_UNUSED_FUNCTION = YES;
				GCC_WARN_UNUSED_VARIABLE = YES;
				IPHONEOS_DEPLOYMENT_TARGET = 8.4;
				MTL_ENABLE_DEBUG_INFO = YES;
				ONLY_ACTIVE_ARCH = YES;
				SDKROOT = iphoneos;
				SWIFT_OPTIMIZATION_LEVEL = "-Onone";
			};
			name = Debug;
		};
		B52F4FF91BA5ECEC0038AD2B /* Release */ = {
			isa = XCBuildConfiguration;
			buildSettings = {
				ALWAYS_SEARCH_USER_PATHS = NO;
				CLANG_CXX_LANGUAGE_STANDARD = "gnu++0x";
				CLANG_CXX_LIBRARY = "libc++";
				CLANG_ENABLE_MODULES = YES;
				CLANG_ENABLE_OBJC_ARC = YES;
				CLANG_WARN_BOOL_CONVERSION = YES;
				CLANG_WARN_CONSTANT_CONVERSION = YES;
				CLANG_WARN_DIRECT_OBJC_ISA_USAGE = YES_ERROR;
				CLANG_WARN_EMPTY_BODY = YES;
				CLANG_WARN_ENUM_CONVERSION = YES;
				CLANG_WARN_INT_CONVERSION = YES;
				CLANG_WARN_OBJC_ROOT_CLASS = YES_ERROR;
				CLANG_WARN_UNREACHABLE_CODE = YES;
				CLANG_WARN__DUPLICATE_METHOD_MATCH = YES;
				"CODE_SIGN_IDENTITY[sdk=iphoneos*]" = "iPhone Developer";
				COPY_PHASE_STRIP = NO;
				DEBUG_INFORMATION_FORMAT = "dwarf-with-dsym";
				ENABLE_NS_ASSERTIONS = NO;
				ENABLE_STRICT_OBJC_MSGSEND = YES;
				GCC_C_LANGUAGE_STANDARD = gnu99;
				GCC_NO_COMMON_BLOCKS = YES;
				GCC_WARN_64_TO_32_BIT_CONVERSION = YES;
				GCC_WARN_ABOUT_RETURN_TYPE = YES_ERROR;
				GCC_WARN_UNDECLARED_SELECTOR = YES;
				GCC_WARN_UNINITIALIZED_AUTOS = YES_AGGRESSIVE;
				GCC_WARN_UNUSED_FUNCTION = YES;
				GCC_WARN_UNUSED_VARIABLE = YES;
				IPHONEOS_DEPLOYMENT_TARGET = 8.4;
				MTL_ENABLE_DEBUG_INFO = NO;
				SDKROOT = iphoneos;
				VALIDATE_PRODUCT = YES;
			};
			name = Release;
		};
		B52F4FFB1BA5ECEC0038AD2B /* Debug */ = {
			isa = XCBuildConfiguration;
			buildSettings = {
				ASSETCATALOG_COMPILER_APPICON_NAME = AppIcon;
				INFOPLIST_FILE = "Les amis de la science/Info.plist";
				LD_RUNPATH_SEARCH_PATHS = "$(inherited) @executable_path/Frameworks";
				PRODUCT_NAME = "$(TARGET_NAME)";
			};
			name = Debug;
		};
		B52F4FFC1BA5ECEC0038AD2B /* Release */ = {
			isa = XCBuildConfiguration;
			buildSettings = {
				ASSETCATALOG_COMPILER_APPICON_NAME = AppIcon;
				INFOPLIST_FILE = "Les amis de la science/Info.plist";
				LD_RUNPATH_SEARCH_PATHS = "$(inherited) @executable_path/Frameworks";
				PRODUCT_NAME = "$(TARGET_NAME)";
			};
			name = Release;
		};
		B52F4FFE1BA5ECEC0038AD2B /* Debug */ = {
			isa = XCBuildConfiguration;
			buildSettings = {
				BUNDLE_LOADER = "$(TEST_HOST)";
				FRAMEWORK_SEARCH_PATHS = (
					"$(SDKROOT)/Developer/Library/Frameworks",
					"$(inherited)",
				);
				GCC_PREPROCESSOR_DEFINITIONS = (
					"DEBUG=1",
					"$(inherited)",
				);
				INFOPLIST_FILE = "Les amis de la scienceTests/Info.plist";
				LD_RUNPATH_SEARCH_PATHS = "$(inherited) @executable_path/Frameworks @loader_path/Frameworks";
				PRODUCT_NAME = "$(TARGET_NAME)";
				TEST_HOST = "$(BUILT_PRODUCTS_DIR)/Les amis de la science.app/Les amis de la science";
			};
			name = Debug;
		};
		B52F4FFF1BA5ECEC0038AD2B /* Release */ = {
			isa = XCBuildConfiguration;
			buildSettings = {
				BUNDLE_LOADER = "$(TEST_HOST)";
				FRAMEWORK_SEARCH_PATHS = (
					"$(SDKROOT)/Developer/Library/Frameworks",
					"$(inherited)",
				);
				INFOPLIST_FILE = "Les amis de la scienceTests/Info.plist";
				LD_RUNPATH_SEARCH_PATHS = "$(inherited) @executable_path/Frameworks @loader_path/Frameworks";
				PRODUCT_NAME = "$(TARGET_NAME)";
				TEST_HOST = "$(BUILT_PRODUCTS_DIR)/Les amis de la science.app/Les amis de la science";
			};
			name = Release;
		};
/* End XCBuildConfiguration section */

/* Begin XCConfigurationList section */
		B52F4FD61BA5ECEC0038AD2B /* Build configuration list for PBXProject "Les amis de la science" */ = {
			isa = XCConfigurationList;
			buildConfigurations = (
				B52F4FF81BA5ECEC0038AD2B /* Debug */,
				B52F4FF91BA5ECEC0038AD2B /* Release */,
			);
			defaultConfigurationIsVisible = 0;
			defaultConfigurationName = Release;
		};
		B52F4FFA1BA5ECEC0038AD2B /* Build configuration list for PBXNativeTarget "Les amis de la science" */ = {
			isa = XCConfigurationList;
			buildConfigurations = (
				B52F4FFB1BA5ECEC0038AD2B /* Debug */,
				B52F4FFC1BA5ECEC0038AD2B /* Release */,
			);
			defaultConfigurationIsVisible = 0;
		};
		B52F4FFD1BA5ECEC0038AD2B /* Build configuration list for PBXNativeTarget "Les amis de la scienceTests" */ = {
			isa = XCConfigurationList;
			buildConfigurations = (
				B52F4FFE1BA5ECEC0038AD2B /* Debug */,
				B52F4FFF1BA5ECEC0038AD2B /* Release */,
			);
			defaultConfigurationIsVisible = 0;
		};
/* End XCConfigurationList section */
	};
	rootObject = B52F4FD31BA5ECEC0038AD2B /* Project object */;
}
